
Microsoft Visual Studio Solution File, Format Version 12.00
# Visual Studio Version 16
VisualStudioVersion = 16.0.30225.117
MinimumVisualStudioVersion = 10.0.40219.1
Project("{FAE04EC0-301F-11D3-BF4B-00C04F79EFBC}") = "WeApp1", "WeApp1.csproj", "{5D515C60-AB50-4F9D-B59B-A330067FF935}"
EndProject
Project("{FAE04EC0-301F-11D3-BF4B-00C04F79EFBC}") = "ComputerStoreClassLib", "..\ComputerStoreClassLib\ComputerStoreClassLib.csproj", "{BF2E00A4-D379-4E68-9F74-99B21064E28C}"
EndProject
Global
	GlobalSection(SolutionConfigurationPlatforms) = preSolution
		Debug|Any CPU = Debug|Any CPU
		Release|Any CPU = Release|Any CPU
	EndGlobalSection
	GlobalSection(ProjectConfigurationPlatforms) = postSolution
		{5D515C60-AB50-4F9D-B59B-A330067FF935}.Debug|Any CPU.ActiveCfg = Debug|Any CPU
		{5D515C60-AB50-4F9D-B59B-A330067FF935}.Debug|Any CPU.Build.0 = Debug|Any CPU
		{5D515C60-AB50-4F9D-B59B-A330067FF935}.Release|Any CPU.ActiveCfg = Release|Any CPU
		{5D515C60-AB50-4F9D-B59B-A330067FF935}.Release|Any CPU.Build.0 = Release|Any CPU
		{BF2E00A4-D379-4E68-9F74-99B21064E28C}.Debug|Any CPU.ActiveCfg = Debug|Any CPU
		{BF2E00A4-D379-4E68-9F74-99B21064E28C}.Debug|Any CPU.Build.0 = Debug|Any CPU
		{BF2E00A4-D379-4E68-9F74-99B21064E28C}.Release|Any CPU.ActiveCfg = Release|Any CPU
		{BF2E00A4-D379-4E68-9F74-99B21064E28C}.Release|Any CPU.Build.0 = Release|Any CPU
	EndGlobalSection
	GlobalSection(SolutionProperties) = preSolution
		HideSolutionNode = FALSE
	EndGlobalSection
	GlobalSection(ExtensibilityGlobals) = postSolution
		SolutionGuid = {770E4FF7-068F-47B4-8565-699A5F035A3B}
	EndGlobalSection
EndGlobal
